
Microsoft Visual Studio Solution File, Format Version 12.00
# Visual Studio Version 16
VisualStudioVersion = 16.0.33130.400
MinimumVisualStudioVersion = 10.0.40219.1
Project("{FAE04EC0-301F-11D3-BF4B-00C04F79EFBC}") = "futbola_viktorina", "futbola_viktorina.csproj", "{DB51FF83-E5F4-4531-BAB8-533FE111159A}"
EndProject
Global
	GlobalSection(SolutionConfigurationPlatforms) = preSolution
		Debug|Any CPU = Debug|Any CPU
		Release|Any CPU = Release|Any CPU
	EndGlobalSection
	GlobalSection(ProjectConfigurationPlatforms) = postSolution
		{DB51FF83-E5F4-4531-BAB8-533FE111159A}.Debug|Any CPU.ActiveCfg = Debug|Any CPU
		{DB51FF83-E5F4-4531-BAB8-533FE111159A}.Debug|Any CPU.Build.0 = Debug|Any CPU
		{DB51FF83-E5F4-4531-BAB8-533FE111159A}.Release|Any CPU.ActiveCfg = Release|Any CPU
		{DB51FF83-E5F4-4531-BAB8-533FE111159A}.Release|Any CPU.Build.0 = Release|Any CPU
	EndGlobalSection
	GlobalSection(SolutionProperties) = preSolution
		HideSolutionNode = FALSE
	EndGlobalSection
	GlobalSection(ExtensibilityGlobals) = postSolution
		SolutionGuid = {C8763E99-4122-4666-815E-2C8AD3DB0685}
	EndGlobalSection
EndGlobal
